{
  "name": "asyncmachine",
  "version": "3.4.1",
  "lockfileVersion": 1,
  "requires": true,
  "dependencies": {
    "commander": {
      "version": "2.15.1",
      "resolved": "https://registry.npmjs.org/commander/-/commander-2.15.1.tgz",
      "integrity": "sha512-VlfT9F3V0v+jr4yxPc5gg9s62/fIVWsd2Bk2iD435um1NlGMYdVCq+MjcXnhYq2icNOizHr1kK+5TI6H0Hy0ag=="
    },
    "simple-random-id": {
      "version": "1.0.1",
      "resolved": "https://registry.npmjs.org/simple-random-id/-/simple-random-id-1.0.1.tgz",
      "integrity": "sha1-2vmOICj6GHf1JchP7LhQ3hSuxKw="
    }
  }
}
